
Microsoft Visual Studio Solution File, Format Version 12.00
# Visual Studio Version 16
VisualStudioVersion = 16.0.30330.147
MinimumVisualStudioVersion = 10.0.40219.1
Project("{9A19103F-16F7-4668-BE54-9A1E7A4F7556}") = "ASPcore3Homework", "ASPcore3Homework.csproj", "{F5CB13D0-9E30-4C52-A9F6-7EBE47B5E5FE}"
EndProject
Global
	GlobalSection(SolutionConfigurationPlatforms) = preSolution
		Debug|Any CPU = Debug|Any CPU
		Release|Any CPU = Release|Any CPU
	EndGlobalSection
	GlobalSection(ProjectConfigurationPlatforms) = postSolution
		{F5CB13D0-9E30-4C52-A9F6-7EBE47B5E5FE}.Debug|Any CPU.ActiveCfg = Debug|Any CPU
		{F5CB13D0-9E30-4C52-A9F6-7EBE47B5E5FE}.Debug|Any CPU.Build.0 = Debug|Any CPU
		{F5CB13D0-9E30-4C52-A9F6-7EBE47B5E5FE}.Release|Any CPU.ActiveCfg = Release|Any CPU
		{F5CB13D0-9E30-4C52-A9F6-7EBE47B5E5FE}.Release|Any CPU.Build.0 = Release|Any CPU
	EndGlobalSection
	GlobalSection(SolutionProperties) = preSolution
		HideSolutionNode = FALSE
	EndGlobalSection
	GlobalSection(ExtensibilityGlobals) = postSolution
		SolutionGuid = {60E2F73E-74D6-4309-9119-FB6AFCE8AA9F}
	EndGlobalSection
EndGlobal
